
Microsoft Visual Studio Solution File, Format Version 12.00
# Visual Studio Version 17
VisualStudioVersion = 17.13.35806.99
MinimumVisualStudioVersion = 10.0.40219.1
Project("{FAE04EC0-301F-11D3-BF4B-00C04F79EFBC}") = "WebApi", "WebApi\WebApi.csproj", "{67655F13-85D3-4F8A-831A-63F16B4DB7EC}"
EndProject
Global
	GlobalSection(SolutionConfigurationPlatforms) = preSolution
		Debug|Any CPU = Debug|Any CPU
		Release|Any CPU = Release|Any CPU
	EndGlobalSection
	GlobalSection(ProjectConfigurationPlatforms) = postSolution
		{67655F13-85D3-4F8A-831A-63F16B4DB7EC}.Debug|Any CPU.ActiveCfg = Debug|Any CPU
		{67655F13-85D3-4F8A-831A-63F16B4DB7EC}.Debug|Any CPU.Build.0 = Debug|Any CPU
		{67655F13-85D3-4F8A-831A-63F16B4DB7EC}.Release|Any CPU.ActiveCfg = Release|Any CPU
		{67655F13-85D3-4F8A-831A-63F16B4DB7EC}.Release|Any CPU.Build.0 = Release|Any CPU
	EndGlobalSection
	GlobalSection(SolutionProperties) = preSolution
		HideSolutionNode = FALSE
	EndGlobalSection
	GlobalSection(ExtensibilityGlobals) = postSolution
		SolutionGuid = {EE187DCF-3FE2-4EBD-A533-1C2CF1CFB468}
	EndGlobalSection
EndGlobal
